# This file is generated by running "yarn install" inside your project.
# Manual changes might be lost - proceed with caution!

__metadata:
  version: 5
  cacheKey: 7

"braces@npm:^3.0.3":
  version: 3.0.3
  resolution: "braces@npm:3.0.3"
  dependencies:
    fill-range: ^7.1.1
  checksum: 8/b95aa0b3bd909f6cd1720ffcf031aeaf46154dd88b4da01f9a1d3f7ea866a79eba76a6d01cbc3c422b2ee5cdc39a4f02491058d5df0d7bf6e6a162a832df1f69
  languageName: node
  linkType: hard

"debug@npm:^4.3.1":
  version: 4.3.2
  resolution: "debug@npm:4.3.2"
  dependencies:
    ms: 2.1.2
  peerDependenciesMeta:
    supports-color:
      optional: true
  checksum: 5543570879e2274f6725d4285a034d6e0822d35faefc6f55965933fb440e8c21eb3a0bef934e66f4b6b491f898ee2de37cab980e9d4fd61372136c19d3ce4527
  languageName: node
  linkType: hard

"fill-range@npm:^7.1.1":
  version: 7.1.1
  resolution: "fill-range@npm:7.1.1"
  dependencies:
    to-regex-range: ^5.0.1
  checksum: 8/b4abfbca3839a3d55e4ae5ec62e131e2e356bf4859ce8480c64c4876100f4df292a63e5bb1618e1d7460282ca2b305653064f01654474aa35c68000980f17798
  languageName: node
  linkType: hard

"is-number@npm:^7.0.0":
  version: 7.0.0
  resolution: "is-number@npm:7.0.0"
  checksum: eec6e506c6de472af4bdfd0cc477e8aeb76f0a7066c8680fcdfed5324ee31a7d2b59d22313007c58aa80eb937f0c40eefdceedb851997d46b490b49f87160369
  languageName: node
  linkType: hard

"micromatch@npm:^4.0.6":
  version: 4.0.7
  resolution: "micromatch@npm:4.0.7"
  dependencies:
    braces: ^3.0.3
    picomatch: ^2.3.1
  checksum: 8/3cde047d70ad80cf60c787b77198d680db3b8c25b23feb01de5e2652205d9c19f43bd81882f69a0fd1f0cde6a7a122d774998aad3271ddb1b8accf8a0f480cf7
  languageName: node
  linkType: hard

"ms@npm:2.1.2":
  version: 2.1.2
  resolution: "ms@npm:2.1.2"
  checksum: 9b65fb709bc30c0c07289dcbdb61ca032acbb9ea5698b55fa62e2cebb04c5953f1876a1f3f7f4bc2e91d4bf4d86003f3e207c3bc6ee2f716f99827e62389cd0e
  languageName: node
  linkType: hard

"node_yarn_two@workspace:.":
  version: 0.0.0-use.local
  resolution: "node_yarn_two@workspace:."
  dependencies:
    debug: ^4.3.1
    micromatch: ^4.0.6
  languageName: unknown
  linkType: soft

"picomatch@npm:^2.3.1":
  version: 2.3.1
  resolution: "picomatch@npm:2.3.1"
  checksum: 8/050c865ce81119c4822c45d3c84f1ced46f93a0126febae20737bd05ca20589c564d6e9226977df859ed5e03dc73f02584a2b0faad36e896936238238b0446cf
  languageName: node
  linkType: hard

"to-regex-range@npm:^5.0.1":
  version: 5.0.1
  resolution: "to-regex-range@npm:5.0.1"
  dependencies:
    is-number: ^7.0.0
  checksum: 2b6001e314e4998a07137c197e333fac2f86d46d0593da90b678ae64e2daa07274b508f83cca09e6b3504cdf222497dcb5b7daceb6dc13a9a8872f58a27db907
  languageName: node
  linkType: hard
